
Microsoft Visual Studio Solution File, Format Version 12.00
# Visual Studio Version 17
VisualStudioVersion = 17.13.35806.99 d17.13
MinimumVisualStudioVersion = 10.0.40219.1
Project("{FAE04EC0-301F-11D3-BF4B-00C04F79EFBC}") = "CQRS_Demo.Application", "CQRS_Demo.Application\CQRS_Demo.Application.csproj", "{1055E002-5D63-4870-90DE-9F87B9B8CB69}"
EndProject
Project("{FAE04EC0-301F-11D3-BF4B-00C04F79EFBC}") = "CQRS_Demo.Domain", "CQRS_Demo.Domain\CQRS_Demo.Domain.csproj", "{5D35C137-6178-4CD6-A831-4AD82EA10602}"
EndProject
Project("{FAE04EC0-301F-11D3-BF4B-00C04F79EFBC}") = "CQRS_Demo.Persistence", "CQRS_DEMO.Persistence\CQRS_Demo.Persistence.csproj", "{AB86C1F1-BE33-4BFF-8D6A-682860FE0B28}"
EndProject
Project("{FAE04EC0-301F-11D3-BF4B-00C04F79EFBC}") = "CQRS_Demo.API", "CQRS_Demo.API\CQRS_Demo.API.csproj", "{234CE876-BE69-466B-A607-EE466A5DEEBA}"
EndProject
Global
	GlobalSection(SolutionConfigurationPlatforms) = preSolution
		Debug|Any CPU = Debug|Any CPU
		Release|Any CPU = Release|Any CPU
	EndGlobalSection
	GlobalSection(ProjectConfigurationPlatforms) = postSolution
		{1055E002-5D63-4870-90DE-9F87B9B8CB69}.Debug|Any CPU.ActiveCfg = Debug|Any CPU
		{1055E002-5D63-4870-90DE-9F87B9B8CB69}.Debug|Any CPU.Build.0 = Debug|Any CPU
		{1055E002-5D63-4870-90DE-9F87B9B8CB69}.Release|Any CPU.ActiveCfg = Release|Any CPU
		{1055E002-5D63-4870-90DE-9F87B9B8CB69}.Release|Any CPU.Build.0 = Release|Any CPU
		{5D35C137-6178-4CD6-A831-4AD82EA10602}.Debug|Any CPU.ActiveCfg = Debug|Any CPU
		{5D35C137-6178-4CD6-A831-4AD82EA10602}.Debug|Any CPU.Build.0 = Debug|Any CPU
		{5D35C137-6178-4CD6-A831-4AD82EA10602}.Release|Any CPU.ActiveCfg = Release|Any CPU
		{5D35C137-6178-4CD6-A831-4AD82EA10602}.Release|Any CPU.Build.0 = Release|Any CPU
		{AB86C1F1-BE33-4BFF-8D6A-682860FE0B28}.Debug|Any CPU.ActiveCfg = Debug|Any CPU
		{AB86C1F1-BE33-4BFF-8D6A-682860FE0B28}.Debug|Any CPU.Build.0 = Debug|Any CPU
		{AB86C1F1-BE33-4BFF-8D6A-682860FE0B28}.Release|Any CPU.ActiveCfg = Release|Any CPU
		{AB86C1F1-BE33-4BFF-8D6A-682860FE0B28}.Release|Any CPU.Build.0 = Release|Any CPU
		{234CE876-BE69-466B-A607-EE466A5DEEBA}.Debug|Any CPU.ActiveCfg = Debug|Any CPU
		{234CE876-BE69-466B-A607-EE466A5DEEBA}.Debug|Any CPU.Build.0 = Debug|Any CPU
		{234CE876-BE69-466B-A607-EE466A5DEEBA}.Release|Any CPU.ActiveCfg = Release|Any CPU
		{234CE876-BE69-466B-A607-EE466A5DEEBA}.Release|Any CPU.Build.0 = Release|Any CPU
	EndGlobalSection
	GlobalSection(SolutionProperties) = preSolution
		HideSolutionNode = FALSE
	EndGlobalSection
	GlobalSection(ExtensibilityGlobals) = postSolution
		SolutionGuid = {D490C76F-1A1B-482E-95B6-A69F44635DC8}
	EndGlobalSection
EndGlobal
